
Microsoft Visual Studio Solution File, Format Version 12.00
# Visual Studio Version 17
VisualStudioVersion = 17.8.34511.84
MinimumVisualStudioVersion = 10.0.40219.1
Project("{FAE04EC0-301F-11D3-BF4B-00C04F79EFBC}") = "KL", "KL\KL.csproj", "{BD70EC18-30DC-4579-A1D7-59C3222BEDB9}"
EndProject
Global
	GlobalSection(SolutionConfigurationPlatforms) = preSolution
		Debug|Any CPU = Debug|Any CPU
		Release|Any CPU = Release|Any CPU
	EndGlobalSection
	GlobalSection(ProjectConfigurationPlatforms) = postSolution
		{BD70EC18-30DC-4579-A1D7-59C3222BEDB9}.Debug|Any CPU.ActiveCfg = Debug|Any CPU
		{BD70EC18-30DC-4579-A1D7-59C3222BEDB9}.Debug|Any CPU.Build.0 = Debug|Any CPU
		{BD70EC18-30DC-4579-A1D7-59C3222BEDB9}.Release|Any CPU.ActiveCfg = Release|Any CPU
		{BD70EC18-30DC-4579-A1D7-59C3222BEDB9}.Release|Any CPU.Build.0 = Release|Any CPU
	EndGlobalSection
	GlobalSection(SolutionProperties) = preSolution
		HideSolutionNode = FALSE
	EndGlobalSection
	GlobalSection(ExtensibilityGlobals) = postSolution
		SolutionGuid = {6463DA71-5EF7-4BD2-B526-35C2EFC0CDEB}
	EndGlobalSection
EndGlobal
